
Microsoft Visual Studio Solution File, Format Version 12.00
# Visual Studio 15
VisualStudioVersion = 15.0.28307.1145
MinimumVisualStudioVersion = 10.0.40219.1
Project("{9A19103F-16F7-4668-BE54-9A1E7A4F7556}") = "DotNetCorePostgre", "DotNetCorePostgre.csproj", "{55EF6E12-B90C-40F6-A671-B59F255DF281}"
EndProject
Global
	GlobalSection(SolutionConfigurationPlatforms) = preSolution
		Debug|Any CPU = Debug|Any CPU
		Release|Any CPU = Release|Any CPU
	EndGlobalSection
	GlobalSection(ProjectConfigurationPlatforms) = postSolution
		{55EF6E12-B90C-40F6-A671-B59F255DF281}.Debug|Any CPU.ActiveCfg = Debug|Any CPU
		{55EF6E12-B90C-40F6-A671-B59F255DF281}.Debug|Any CPU.Build.0 = Debug|Any CPU
		{55EF6E12-B90C-40F6-A671-B59F255DF281}.Release|Any CPU.ActiveCfg = Release|Any CPU
		{55EF6E12-B90C-40F6-A671-B59F255DF281}.Release|Any CPU.Build.0 = Release|Any CPU
	EndGlobalSection
	GlobalSection(SolutionProperties) = preSolution
		HideSolutionNode = FALSE
	EndGlobalSection
	GlobalSection(ExtensibilityGlobals) = postSolution
		SolutionGuid = {31CB1016-DF82-4D11-B3FB-922F7347C7C6}
	EndGlobalSection
EndGlobal
